
Microsoft Visual Studio Solution File, Format Version 12.00
# Visual Studio Version 16
VisualStudioVersion = 16.0.31702.278
MinimumVisualStudioVersion = 10.0.40219.1
Project("{FAE04EC0-301F-11D3-BF4B-00C04F79EFBC}") = "Addition", "Addition\Addition.csproj", "{3C31E1C7-4E06-4AC8-B4CD-100AB2B62903}"
EndProject
Project("{FAE04EC0-301F-11D3-BF4B-00C04F79EFBC}") = "Lesson_3", "Lesson_3\Lesson_3.csproj", "{A0FAEE29-67FD-442F-AACA-4FDF9348E9C1}"
EndProject
Project("{FAE04EC0-301F-11D3-BF4B-00C04F79EFBC}") = "Lesson_4", "Lesson_4\Lesson_4.csproj", "{334CD6F4-5388-4DAD-A297-72D36DC41F9F}"
EndProject
Global
	GlobalSection(SolutionConfigurationPlatforms) = preSolution
		Debug|Any CPU = Debug|Any CPU
		Release|Any CPU = Release|Any CPU
	EndGlobalSection
	GlobalSection(ProjectConfigurationPlatforms) = postSolution
		{3C31E1C7-4E06-4AC8-B4CD-100AB2B62903}.Debug|Any CPU.ActiveCfg = Debug|Any CPU
		{3C31E1C7-4E06-4AC8-B4CD-100AB2B62903}.Debug|Any CPU.Build.0 = Debug|Any CPU
		{3C31E1C7-4E06-4AC8-B4CD-100AB2B62903}.Release|Any CPU.ActiveCfg = Release|Any CPU
		{3C31E1C7-4E06-4AC8-B4CD-100AB2B62903}.Release|Any CPU.Build.0 = Release|Any CPU
		{A0FAEE29-67FD-442F-AACA-4FDF9348E9C1}.Debug|Any CPU.ActiveCfg = Debug|Any CPU
		{A0FAEE29-67FD-442F-AACA-4FDF9348E9C1}.Debug|Any CPU.Build.0 = Debug|Any CPU
		{A0FAEE29-67FD-442F-AACA-4FDF9348E9C1}.Release|Any CPU.ActiveCfg = Release|Any CPU
		{A0FAEE29-67FD-442F-AACA-4FDF9348E9C1}.Release|Any CPU.Build.0 = Release|Any CPU
		{334CD6F4-5388-4DAD-A297-72D36DC41F9F}.Debug|Any CPU.ActiveCfg = Debug|Any CPU
		{334CD6F4-5388-4DAD-A297-72D36DC41F9F}.Debug|Any CPU.Build.0 = Debug|Any CPU
		{334CD6F4-5388-4DAD-A297-72D36DC41F9F}.Release|Any CPU.ActiveCfg = Release|Any CPU
		{334CD6F4-5388-4DAD-A297-72D36DC41F9F}.Release|Any CPU.Build.0 = Release|Any CPU
	EndGlobalSection
	GlobalSection(SolutionProperties) = preSolution
		HideSolutionNode = FALSE
	EndGlobalSection
	GlobalSection(ExtensibilityGlobals) = postSolution
		SolutionGuid = {9C90699E-9064-42CE-8B1A-355584C0A42D}
	EndGlobalSection
EndGlobal
